// !$*UTF8*$!
{
	archiveVersion = 1;
	classes = {
	};
	objectVersion = 48;
	objects = {

/* Begin PBXBuildFile section */
		AF855B441F7E1878006CD451 /* main.swift in Sources */ = {isa = PBXBuildFile; fileRef = AF855B431F7E1878006CD451 /* main.swift */; };
		AF855BA31F7E1E85006CD451 /* Localizable.strings in CopyFiles */ = {isa = PBXBuildFile; fileRef = AF855B761F7E1CB1006CD451 /* Localizable.strings */; };
		AF855BA41F7E1E88006CD451 /* Main.storyboard in CopyFiles */ = {isa = PBXBuildFile; fileRef = AF855B9B1F7E1DDA006CD451 /* Main.storyboard */; };
/* End PBXBuildFile section */

/* Begin PBXCopyFilesBuildPhase section */
		AF855B3E1F7E1878006CD451 /* CopyFiles */ = {
			isa = PBXCopyFilesBuildPhase;
			buildActionMask = 12;
			dstPath = "";
			dstSubfolderSpec = 16;
			files = (
				AF855BA41F7E1E88006CD451 /* Main.storyboard in CopyFiles */,
				AF855BA31F7E1E85006CD451 /* Localizable.strings in CopyFiles */,
			);
			runOnlyForDeploymentPostprocessing = 0;
		};
/* End PBXCopyFilesBuildPhase section */

/* Begin PBXFileReference section */
		AF855B401F7E1878006CD451 /* strings2storyboard */ = {isa = PBXFileReference; explicitFileType = "compiled.mach-o.executable"; includeInIndex = 0; path = strings2storyboard; sourceTree = BUILT_PRODUCTS_DIR; };
		AF855B431F7E1878006CD451 /* main.swift */ = {isa = PBXFileReference; lastKnownFileType = sourcecode.swift; path = main.swift; sourceTree = "<group>"; };
		AF855B751F7E1CB1006CD451 /* en */ = {isa = PBXFileReference; lastKnownFileType = text.plist.strings; name = en; path = en.lproj/Localizable.strings; sourceTree = "<group>"; };
		AF855B781F7E1CC4006CD451 /* zh-Hant */ = {isa = PBXFileReference; lastKnownFileType = text.plist.strings; name = "zh-Hant"; path = "zh-Hant.lproj/Localizable.strings"; sourceTree = "<group>"; };
		AF855B9C1F7E1DDA006CD451 /* Base */ = {isa = PBXFileReference; lastKnownFileType = file.storyboard; name = Base; path = Base.lproj/Main.storyboard; sourceTree = "<group>"; };
		AF855BA01F7E1DEB006CD451 /* zh-Hant */ = {isa = PBXFileReference; lastKnownFileType = text.plist.strings; name = "zh-Hant"; path = "zh-Hant.lproj/Main.strings"; sourceTree = "<group>"; };
		AF855BA21F7E1DF5006CD451 /* en */ = {isa = PBXFileReference; lastKnownFileType = text.plist.strings; name = en; path = en.lproj/Main.strings; sourceTree = "<group>"; };
/* End PBXFileReference section */

/* Begin PBXFrameworksBuildPhase section */
		AF855B3D1F7E1878006CD451 /* Frameworks */ = {
			isa = PBXFrameworksBuildPhase;
			buildActionMask = 2147483647;
			files = (
			);
			runOnlyForDeploymentPostprocessing = 0;
		};
/* End PBXFrameworksBuildPhase section */

/* Begin PBXGroup section */
		AF855B371F7E1878006CD451 = {
			isa = PBXGroup;
			children = (
				AF855B4E1F7E1959006CD451 /* Resource */,
				AF855B421F7E1878006CD451 /* strings2storyboard */,
				AF855B411F7E1878006CD451 /* Products */,
			);
			sourceTree = "<group>";
		};
		AF855B411F7E1878006CD451 /* Products */ = {
			isa = PBXGroup;
			children = (
				AF855B401F7E1878006CD451 /* strings2storyboard */,
			);
			name = Products;
			sourceTree = "<group>";
		};
		AF855B421F7E1878006CD451 /* strings2storyboard */ = {
			isa = PBXGroup;
			children = (
				AF855B431F7E1878006CD451 /* main.swift */,
			);
			path = strings2storyboard;
			sourceTree = "<group>";
		};
		AF855B4E1F7E1959006CD451 /* Resource */ = {
			isa = PBXGroup;
			children = (
				AF855B9B1F7E1DDA006CD451 /* Main.storyboard */,
				AF855B761F7E1CB1006CD451 /* Localizable.strings */,
			);
			path = Resource;
			sourceTree = "<group>";
		};
/* End PBXGroup section */

/* Begin PBXNativeTarget section */
		AF855B3F1F7E1878006CD451 /* strings2storyboard */ = {
			isa = PBXNativeTarget;
			buildConfigurationList = AF855B471F7E1878006CD451 /* Build configuration list for PBXNativeTarget "strings2storyboard" */;
			buildPhases = (
				AF855B3C1F7E1878006CD451 /* Sources */,
				AF855B3D1F7E1878006CD451 /* Frameworks */,
				AF855B3E1F7E1878006CD451 /* CopyFiles */,
			);
			buildRules = (
			);
			dependencies = (
			);
			name = strings2storyboard;
			productName = strings2storyboard;
			productReference = AF855B401F7E1878006CD451 /* strings2storyboard */;
			productType = "com.apple.product-type.tool";
		};
/* End PBXNativeTarget section */

/* Begin PBXProject section */
		AF855B381F7E1878006CD451 /* Project object */ = {
			isa = PBXProject;
			attributes = {
				LastSwiftUpdateCheck = 0900;
				LastUpgradeCheck = 0900;
				ORGANIZATIONNAME = "Wayne Yeh";
				TargetAttributes = {
					AF855B3F1F7E1878006CD451 = {
						CreatedOnToolsVersion = 9.0;
						ProvisioningStyle = Automatic;
					};
				};
			};
			buildConfigurationList = AF855B3B1F7E1878006CD451 /* Build configuration list for PBXProject "strings2storyboard" */;
			compatibilityVersion = "Xcode 8.0";
			developmentRegion = en;
			hasScannedForEncodings = 0;
			knownRegions = (
				en,
				"zh-Hant",
				Base,
			);
			mainGroup = AF855B371F7E1878006CD451;
			productRefGroup = AF855B411F7E1878006CD451 /* Products */;
			projectDirPath = "";
			projectRoot = "";
			targets = (
				AF855B3F1F7E1878006CD451 /* strings2storyboard */,
			);
		};
/* End PBXProject section */

/* Begin PBXSourcesBuildPhase section */
		AF855B3C1F7E1878006CD451 /* Sources */ = {
			isa = PBXSourcesBuildPhase;
			buildActionMask = 2147483647;
			files = (
				AF855B441F7E1878006CD451 /* main.swift in Sources */,
			);
			runOnlyForDeploymentPostprocessing = 0;
		};
/* End PBXSourcesBuildPhase section */

/* Begin PBXVariantGroup section */
		AF855B761F7E1CB1006CD451 /* Localizable.strings */ = {
			isa = PBXVariantGroup;
			children = (
				AF855B751F7E1CB1006CD451 /* en */,
				AF855B781F7E1CC4006CD451 /* zh-Hant */,
			);
			name = Localizable.strings;
			sourceTree = "<group>";
		};
		AF855B9B1F7E1DDA006CD451 /* Main.storyboard */ = {
			isa = PBXVariantGroup;
			children = (
				AF855B9C1F7E1DDA006CD451 /* Base */,
				AF855BA01F7E1DEB006CD451 /* zh-Hant */,
				AF855BA21F7E1DF5006CD451 /* en */,
			);
			name = Main.storyboard;
			sourceTree = "<group>";
		};
/* End PBXVariantGroup section */

/* Begin XCBuildConfiguration section */
		AF855B451F7E1878006CD451 /* Debug */ = {
			isa = XCBuildConfiguration;
			buildSettings = {
				ALWAYS_SEARCH_USER_PATHS = NO;
				CLANG_ANALYZER_LOCALIZABILITY_NONLOCALIZED = YES;
				CLANG_ANALYZER_NONNULL = YES;
				CLANG_ANALYZER_NUMBER_OBJECT_CONVERSION = YES_AGGRESSIVE;
				CLANG_CXX_LANGUAGE_STANDARD = "gnu++14";
				CLANG_CXX_LIBRARY = "libc++";
				CLANG_ENABLE_MODULES = YES;
				CLANG_ENABLE_OBJC_ARC = YES;
				CLANG_WARN_BLOCK_CAPTURE_AUTORELEASING = YES;
				CLANG_WARN_BOOL_CONVERSION = YES;
				CLANG_WARN_COMMA = YES;
				CLANG_WARN_CONSTANT_CONVERSION = YES;
				CLANG_WARN_DIRECT_OBJC_ISA_USAGE = YES_ERROR;
				CLANG_WARN_DOCUMENTATION_COMMENTS = YES;
				CLANG_WARN_EMPTY_BODY = YES;
				CLANG_WARN_ENUM_CONVERSION = YES;
				CLANG_WARN_INFINITE_RECURSION = YES;
				CLANG_WARN_INT_CONVERSION = YES;
				CLANG_WARN_NON_LITERAL_NULL_CONVERSION = YES;
				CLANG_WARN_OBJC_LITERAL_CONVERSION = YES;
				CLANG_WARN_OBJC_ROOT_CLASS = YES_ERROR;
				CLANG_WARN_RANGE_LOOP_ANALYSIS = YES;
				CLANG_WARN_STRICT_PROTOTYPES = YES;
				CLANG_WARN_SUSPICIOUS_MOVE = YES;
				CLANG_WARN_UNGUARDED_AVAILABILITY = YES_AGGRESSIVE;
				CLANG_WARN_UNREACHABLE_CODE = YES;
				CLANG_WARN__DUPLICATE_METHOD_MATCH = YES;
				CODE_SIGN_IDENTITY = "-";
				COPY_PHASE_STRIP = NO;
				DEBUG_INFORMATION_FORMAT = dwarf;
				ENABLE_STRICT_OBJC_MSGSEND = YES;
				ENABLE_TESTABILITY = YES;
				GCC_C_LANGUAGE_STANDARD = gnu11;
				GCC_DYNAMIC_NO_PIC = NO;
				GCC_NO_COMMON_BLOCKS = YES;
				GCC_OPTIMIZATION_LEVEL = 0;
				GCC_PREPROCESSOR_DEFINITIONS = (
					"DEBUG=1",
					"$(inherited)",
				);
				GCC_WARN_64_TO_32_BIT_CONVERSION = YES;
				GCC_WARN_ABOUT_RETURN_TYPE = YES_ERROR;
				GCC_WARN_UNDECLARED_SELECTOR = YES;
				GCC_WARN_UNINITIALIZED_AUTOS = YES_AGGRESSIVE;
				GCC_WARN_UNUSED_FUNCTION = YES;
				GCC_WARN_UNUSED_VARIABLE = YES;
				MACOSX_DEPLOYMENT_TARGET = 10.12;
				MTL_ENABLE_DEBUG_INFO = YES;
				ONLY_ACTIVE_ARCH = YES;
				SDKROOT = macosx;
				SWIFT_ACTIVE_COMPILATION_CONDITIONS = DEBUG;
				SWIFT_OPTIMIZATION_LEVEL = "-Onone";
			};
			name = Debug;
		};
		AF855B461F7E1878006CD451 /* Release */ = {
			isa = XCBuildConfiguration;
			buildSettings = {
				ALWAYS_SEARCH_USER_PATHS = NO;
				CLANG_ANALYZER_LOCALIZABILITY_NONLOCALIZED = YES;
				CLANG_ANALYZER_NONNULL = YES;
				CLANG_ANALYZER_NUMBER_OBJECT_CONVERSION = YES_AGGRESSIVE;
				CLANG_CXX_LANGUAGE_STANDARD = "gnu++14";
				CLANG_CXX_LIBRARY = "libc++";
				CLANG_ENABLE_MODULES = YES;
				CLANG_ENABLE_OBJC_ARC = YES;
				CLANG_WARN_BLOCK_CAPTURE_AUTORELEASING = YES;
				CLANG_WARN_BOOL_CONVERSION = YES;
				CLANG_WARN_COMMA = YES;
				CLANG_WARN_CONSTANT_CONVERSION = YES;
				CLANG_WARN_DIRECT_OBJC_ISA_USAGE = YES_ERROR;
				CLANG_WARN_DOCUMENTATION_COMMENTS = YES;
				CLANG_WARN_EMPTY_BODY = YES;
				CLANG_WARN_ENUM_CONVERSION = YES;
				CLANG_WARN_INFINITE_RECURSION = YES;
				CLANG_WARN_INT_CONVERSION = YES;
				CLANG_WARN_NON_LITERAL_NULL_CONVERSION = YES;
				CLANG_WARN_OBJC_LITERAL_CONVERSION = YES;
				CLANG_WARN_OBJC_ROOT_CLASS = YES_ERROR;
				CLANG_WARN_RANGE_LOOP_ANALYSIS = YES;
				CLANG_WARN_STRICT_PROTOTYPES = YES;
				CLANG_WARN_SUSPICIOUS_MOVE = YES;
				CLANG_WARN_UNGUARDED_AVAILABILITY = YES_AGGRESSIVE;
				CLANG_WARN_UNREACHABLE_CODE = YES;
				CLANG_WARN__DUPLICATE_METHOD_MATCH = YES;
				CODE_SIGN_IDENTITY = "-";
				COPY_PHASE_STRIP = NO;
				DEBUG_INFORMATION_FORMAT = "dwarf-with-dsym";
				ENABLE_NS_ASSERTIONS = NO;
				ENABLE_STRICT_OBJC_MSGSEND = YES;
				GCC_C_LANGUAGE_STANDARD = gnu11;
				GCC_NO_COMMON_BLOCKS = YES;
				GCC_WARN_64_TO_32_BIT_CONVERSION = YES;
				GCC_WARN_ABOUT_RETURN_TYPE = YES_ERROR;
				GCC_WARN_UNDECLARED_SELECTOR = YES;
				GCC_WARN_UNINITIALIZED_AUTOS = YES_AGGRESSIVE;
				GCC_WARN_UNUSED_FUNCTION = YES;
				GCC_WARN_UNUSED_VARIABLE = YES;
				MACOSX_DEPLOYMENT_TARGET = 10.12;
				MTL_ENABLE_DEBUG_INFO = NO;
				SDKROOT = macosx;
				SWIFT_OPTIMIZATION_LEVEL = "-Owholemodule";
			};
			name = Release;
		};
		AF855B481F7E1878006CD451 /* Debug */ = {
			isa = XCBuildConfiguration;
			buildSettings = {
				CODE_SIGN_STYLE = Automatic;
				PRODUCT_NAME = "$(TARGET_NAME)";
				SWIFT_VERSION = 4.0;
			};
			name = Debug;
		};
		AF855B491F7E1878006CD451 /* Release */ = {
			isa = XCBuildConfiguration;
			buildSettings = {
				CODE_SIGN_STYLE = Automatic;
				PRODUCT_NAME = "$(TARGET_NAME)";
				SWIFT_VERSION = 4.0;
			};
			name = Release;
		};
/* End XCBuildConfiguration section */

/* Begin XCConfigurationList section */
		AF855B3B1F7E1878006CD451 /* Build configuration list for PBXProject "strings2storyboard" */ = {
			isa = XCConfigurationList;
			buildConfigurations = (
				AF855B451F7E1878006CD451 /* Debug */,
				AF855B461F7E1878006CD451 /* Release */,
			);
			defaultConfigurationIsVisible = 0;
			defaultConfigurationName = Release;
		};
		AF855B471F7E1878006CD451 /* Build configuration list for PBXNativeTarget "strings2storyboard" */ = {
			isa = XCConfigurationList;
			buildConfigurations = (
				AF855B481F7E1878006CD451 /* Debug */,
				AF855B491F7E1878006CD451 /* Release */,
			);
			defaultConfigurationIsVisible = 0;
			defaultConfigurationName = Release;
		};
/* End XCConfigurationList section */
	};
	rootObject = AF855B381F7E1878006CD451 /* Project object */;
}
